
Microsoft Visual Studio Solution File, Format Version 12.00
# Visual Studio Version 17
VisualStudioVersion = 17.8.34511.84
MinimumVisualStudioVersion = 10.0.40219.1
Project("{FAE04EC0-301F-11D3-BF4B-00C04F79EFBC}") = "Group12_iCLOTHINGAPP", "Group12_iCLOTHINGAPP.csproj", "{4A1817B8-8DF8-40A8-BE53-493BFDF32AD4}"
EndProject
Global
	GlobalSection(SolutionConfigurationPlatforms) = preSolution
		Debug|Any CPU = Debug|Any CPU
		Release|Any CPU = Release|Any CPU
	EndGlobalSection
	GlobalSection(ProjectConfigurationPlatforms) = postSolution
		{4A1817B8-8DF8-40A8-BE53-493BFDF32AD4}.Debug|Any CPU.ActiveCfg = Debug|Any CPU
		{4A1817B8-8DF8-40A8-BE53-493BFDF32AD4}.Debug|Any CPU.Build.0 = Debug|Any CPU
		{4A1817B8-8DF8-40A8-BE53-493BFDF32AD4}.Release|Any CPU.ActiveCfg = Release|Any CPU
		{4A1817B8-8DF8-40A8-BE53-493BFDF32AD4}.Release|Any CPU.Build.0 = Release|Any CPU
	EndGlobalSection
	GlobalSection(SolutionProperties) = preSolution
		HideSolutionNode = FALSE
	EndGlobalSection
	GlobalSection(ExtensibilityGlobals) = postSolution
		SolutionGuid = {35398D6D-8733-464A-8E9A-BF6CD9359A31}
	EndGlobalSection
EndGlobal
